DEPENDENCIES
  build-essential
  git
  poise-python
  sickrage
    path: .
    metadata: true

GRAPH
  build-essential (6.0.4)
    compat_resource (>= 12.10)
    mingw (>= 1.1)
    seven_zip (>= 0.0.0)
  chef_handler (1.4.0)
  compat_resource (12.14.0)
  dmg (2.4.0)
  git (5.0.0)
    build-essential (>= 0.0.0)
    dmg (>= 0.0.0)
    yum-epel (>= 0.0.0)
  mingw (1.2.4)
    compat_resource (>= 0.0.0)
    seven_zip (>= 0.0.0)
  poise (2.7.1)
  poise-archive (1.3.0)
    poise (~> 2.6)
  poise-languages (2.0.2)
    poise (~> 2.5)
    poise-archive (~> 1.0)
  poise-python (1.5.1)
    poise (~> 2.7)
    poise-languages (~> 2.0)
  seven_zip (2.0.2)
    windows (>= 1.2.2)
  sickrage (0.1.0)
    build-essential (~> 6.0.4)
    git (~> 5.0.0)
    poise-python (~> 1.5.1)
    yum-epel (~> 1.0.0)
  windows (1.44.3)
    chef_handler (>= 0.0.0)
  yum (4.0.0)
  yum-epel (1.0.0)
    yum (>= 3.6)
